// !$*UTF8*$!
{
	archiveVersion = 1;
	classes = {
	};
	objectVersion = 56;
	objects = {

/* Begin PBXBuildFile section */
		30CB10D72919BA2100927E46 /* AppDelegate.swift in Sources */ = {isa = PBXBuildFile; fileRef = 30CB10D62919BA2100927E46 /* AppDelegate.swift */; };
		30CB10D92919BA2100927E46 /* SceneDelegate.swift in Sources */ = {isa = PBXBuildFile; fileRef = 30CB10D82919BA2100927E46 /* SceneDelegate.swift */; };
		30CB10DE2919BA2100927E46 /* Main.storyboard in Resources */ = {isa = PBXBuildFile; fileRef = 30CB10DC2919BA2100927E46 /* Main.storyboard */; };
		30CB10E02919BA2300927E46 /* Assets.xcassets in Resources */ = {isa = PBXBuildFile; fileRef = 30CB10DF2919BA2300927E46 /* Assets.xcassets */; };
		30CB10E32919BA2300927E46 /* LaunchScreen.storyboard in Resources */ = {isa = PBXBuildFile; fileRef = 30CB10E12919BA2300927E46 /* LaunchScreen.storyboard */; };
		30CB10EF2919BA8800927E46 /* Character.swift in Sources */ = {isa = PBXBuildFile; fileRef = 30CB10EE2919BA8800927E46 /* Character.swift */; };
		30CB10F12919BA9700927E46 /* NetworkManager.swift in Sources */ = {isa = PBXBuildFile; fileRef = 30CB10F02919BA9700927E46 /* NetworkManager.swift */; };
		30CB10F5291C5D1800927E46 /* CharactersTableViewController.swift in Sources */ = {isa = PBXBuildFile; fileRef = 30CB10F4291C5D1800927E46 /* CharactersTableViewController.swift */; };
		30DA6915291C67BE00CD270C /* DetailsViewController.swift in Sources */ = {isa = PBXBuildFile; fileRef = 30DA6914291C67BE00CD270C /* DetailsViewController.swift */; };
		30DA691C291C6A1600CD270C /* CharacterTableViewCell.swift in Sources */ = {isa = PBXBuildFile; fileRef = 30DA691B291C6A1600CD270C /* CharacterTableViewCell.swift */; };
/* End PBXBuildFile section */

/* Begin PBXFileReference section */
		30CB10D32919BA2100927E46 /* RickAndMorty.app */ = {isa = PBXFileReference; explicitFileType = wrapper.application; includeInIndex = 0; path = RickAndMorty.app; sourceTree = BUILT_PRODUCTS_DIR; };
		30CB10D62919BA2100927E46 /* AppDelegate.swift */ = {isa = PBXFileReference; lastKnownFileType = sourcecode.swift; path = AppDelegate.swift; sourceTree = "<group>"; };
		30CB10D82919BA2100927E46 /* SceneDelegate.swift */ = {isa = PBXFileReference; lastKnownFileType = sourcecode.swift; path = SceneDelegate.swift; sourceTree = "<group>"; };
		30CB10DD2919BA2100927E46 /* Base */ = {isa = PBXFileReference; lastKnownFileType = file.storyboard; name = Base; path = Base.lproj/Main.storyboard; sourceTree = "<group>"; };
		30CB10DF2919BA2300927E46 /* Assets.xcassets */ = {isa = PBXFileReference; lastKnownFileType = folder.assetcatalog; path = Assets.xcassets; sourceTree = "<group>"; };
		30CB10E22919BA2300927E46 /* Base */ = {isa = PBXFileReference; lastKnownFileType = file.storyboard; name = Base; path = Base.lproj/LaunchScreen.storyboard; sourceTree = "<group>"; };
		30CB10E42919BA2300927E46 /* Info.plist */ = {isa = PBXFileReference; lastKnownFileType = text.plist.xml; path = Info.plist; sourceTree = "<group>"; };
		30CB10EE2919BA8800927E46 /* Character.swift */ = {isa = PBXFileReference; lastKnownFileType = sourcecode.swift; path = Character.swift; sourceTree = "<group>"; };
		30CB10F02919BA9700927E46 /* NetworkManager.swift */ = {isa = PBXFileReference; lastKnownFileType = sourcecode.swift; path = NetworkManager.swift; sourceTree = "<group>"; };
		30CB10F4291C5D1800927E46 /* CharactersTableViewController.swift */ = {isa = PBXFileReference; lastKnownFileType = sourcecode.swift; path = CharactersTableViewController.swift; sourceTree = "<group>"; };
		30DA6914291C67BE00CD270C /* DetailsViewController.swift */ = {isa = PBXFileReference; lastKnownFileType = sourcecode.swift; path = DetailsViewController.swift; sourceTree = "<group>"; };
		30DA691B291C6A1600CD270C /* CharacterTableViewCell.swift */ = {isa = PBXFileReference; fileEncoding = 4; lastKnownFileType = sourcecode.swift; path = CharacterTableViewCell.swift; sourceTree = "<group>"; };
/* End PBXFileReference section */

/* Begin PBXFrameworksBuildPhase section */
		30CB10D02919BA2100927E46 /* Frameworks */ = {
			isa = PBXFrameworksBuildPhase;
			buildActionMask = 2147483647;
			files = (
			);
			runOnlyForDeploymentPostprocessing = 0;
		};
/* End PBXFrameworksBuildPhase section */

/* Begin PBXGroup section */
		30CB10CA2919BA2100927E46 = {
			isa = PBXGroup;
			children = (
				30CB10D52919BA2100927E46 /* RickAndMorty */,
				30CB10D42919BA2100927E46 /* Products */,
			);
			sourceTree = "<group>";
		};
		30CB10D42919BA2100927E46 /* Products */ = {
			isa = PBXGroup;
			children = (
				30CB10D32919BA2100927E46 /* RickAndMorty.app */,
			);
			name = Products;
			sourceTree = "<group>";
		};
		30CB10D52919BA2100927E46 /* RickAndMorty */ = {
			isa = PBXGroup;
			children = (
				30DA6918291C683200CD270C /* View */,
				30CB10F22919BAAB00927E46 /* Models */,
				30CB10F32919BAB900927E46 /* Services */,
				30CB10EA2919BA4200927E46 /* App */,
				30CB10EB2919BA4C00927E46 /* ViewControllers */,
				30CB10EC2919BA5B00927E46 /* StoryBoards */,
				30CB10ED2919BA6700927E46 /* Resourses */,
			);
			path = RickAndMorty;
			sourceTree = "<group>";
		};
		30CB10EA2919BA4200927E46 /* App */ = {
			isa = PBXGroup;
			children = (
				30CB10D62919BA2100927E46 /* AppDelegate.swift */,
				30CB10D82919BA2100927E46 /* SceneDelegate.swift */,
				30CB10E42919BA2300927E46 /* Info.plist */,
			);
			path = App;
			sourceTree = "<group>";
		};
		30CB10EB2919BA4C00927E46 /* ViewControllers */ = {
			isa = PBXGroup;
			children = (
				30CB10F4291C5D1800927E46 /* CharactersTableViewController.swift */,
				30DA6914291C67BE00CD270C /* DetailsViewController.swift */,
			);
			path = ViewControllers;
			sourceTree = "<group>";
		};
		30CB10EC2919BA5B00927E46 /* StoryBoards */ = {
			isa = PBXGroup;
			children = (
				30CB10DC2919BA2100927E46 /* Main.storyboard */,
				30CB10E12919BA2300927E46 /* LaunchScreen.storyboard */,
			);
			path = StoryBoards;
			sourceTree = "<group>";
		};
		30CB10ED2919BA6700927E46 /* Resourses */ = {
			isa = PBXGroup;
			children = (
				30CB10DF2919BA2300927E46 /* Assets.xcassets */,
			);
			path = Resourses;
			sourceTree = "<group>";
		};
		30CB10F22919BAAB00927E46 /* Models */ = {
			isa = PBXGroup;
			children = (
				30CB10EE2919BA8800927E46 /* Character.swift */,
			);
			path = Models;
			sourceTree = "<group>";
		};
		30CB10F32919BAB900927E46 /* Services */ = {
			isa = PBXGroup;
			children = (
				30CB10F02919BA9700927E46 /* NetworkManager.swift */,
			);
			path = Services;
			sourceTree = "<group>";
		};
		30DA6918291C683200CD270C /* View */ = {
			isa = PBXGroup;
			children = (
				30DA691B291C6A1600CD270C /* CharacterTableViewCell.swift */,
			);
			path = View;
			sourceTree = "<group>";
		};
/* End PBXGroup section */

/* Begin PBXNativeTarget section */
		30CB10D22919BA2100927E46 /* RickAndMorty */ = {
			isa = PBXNativeTarget;
			buildConfigurationList = 30CB10E72919BA2300927E46 /* Build configuration list for PBXNativeTarget "RickAndMorty" */;
			buildPhases = (
				30CB10CF2919BA2100927E46 /* Sources */,
				30CB10D02919BA2100927E46 /* Frameworks */,
				30CB10D12919BA2100927E46 /* Resources */,
			);
			buildRules = (
			);
			dependencies = (
			);
			name = RickAndMorty;
			productName = RickAndMorty;
			productReference = 30CB10D32919BA2100927E46 /* RickAndMorty.app */;
			productType = "com.apple.product-type.application";
		};
/* End PBXNativeTarget section */

/* Begin PBXProject section */
		30CB10CB2919BA2100927E46 /* Project object */ = {
			isa = PBXProject;
			attributes = {
				BuildIndependentTargetsInParallel = 1;
				LastSwiftUpdateCheck = 1400;
				LastUpgradeCheck = 1400;
				TargetAttributes = {
					30CB10D22919BA2100927E46 = {
						CreatedOnToolsVersion = 14.0;
					};
				};
			};
			buildConfigurationList = 30CB10CE2919BA2100927E46 /* Build configuration list for PBXProject "RickAndMorty" */;
			compatibilityVersion = "Xcode 14.0";
			developmentRegion = en;
			hasScannedForEncodings = 0;
			knownRegions = (
				en,
				Base,
			);
			mainGroup = 30CB10CA2919BA2100927E46;
			productRefGroup = 30CB10D42919BA2100927E46 /* Products */;
			projectDirPath = "";
			projectRoot = "";
			targets = (
				30CB10D22919BA2100927E46 /* RickAndMorty */,
			);
		};
/* End PBXProject section */

/* Begin PBXResourcesBuildPhase section */
		30CB10D12919BA2100927E46 /* Resources */ = {
			isa = PBXResourcesBuildPhase;
			buildActionMask = 2147483647;
			files = (
				30CB10E32919BA2300927E46 /* LaunchScreen.storyboard in Resources */,
				30CB10E02919BA2300927E46 /* Assets.xcassets in Resources */,
				30CB10DE2919BA2100927E46 /* Main.storyboard in Resources */,
			);
			runOnlyForDeploymentPostprocessing = 0;
		};
/* End PBXResourcesBuildPhase section */

/* Begin PBXSourcesBuildPhase section */
		30CB10CF2919BA2100927E46 /* Sources */ = {
			isa = PBXSourcesBuildPhase;
			buildActionMask = 2147483647;
			files = (
				30CB10F12919BA9700927E46 /* NetworkManager.swift in Sources */,
				30DA691C291C6A1600CD270C /* CharacterTableViewCell.swift in Sources */,
				30CB10F5291C5D1800927E46 /* CharactersTableViewController.swift in Sources */,
				30CB10D72919BA2100927E46 /* AppDelegate.swift in Sources */,
				30CB10D92919BA2100927E46 /* SceneDelegate.swift in Sources */,
				30CB10EF2919BA8800927E46 /* Character.swift in Sources */,
				30DA6915291C67BE00CD270C /* DetailsViewController.swift in Sources */,
			);
			runOnlyForDeploymentPostprocessing = 0;
		};
/* End PBXSourcesBuildPhase section */

/* Begin PBXVariantGroup section */
		30CB10DC2919BA2100927E46 /* Main.storyboard */ = {
			isa = PBXVariantGroup;
			children = (
				30CB10DD2919BA2100927E46 /* Base */,
			);
			name = Main.storyboard;
			sourceTree = "<group>";
		};
		30CB10E12919BA2300927E46 /* LaunchScreen.storyboard */ = {
			isa = PBXVariantGroup;
			children = (
				30CB10E22919BA2300927E46 /* Base */,
			);
			name = LaunchScreen.storyboard;
			sourceTree = "<group>";
		};
/* End PBXVariantGroup section */

/* Begin XCBuildConfiguration section */
		30CB10E52919BA2300927E46 /* Debug */ = {
			isa = XCBuildConfiguration;
			buildSettings = {
				ALWAYS_SEARCH_USER_PATHS = NO;
				CLANG_ANALYZER_NONNULL = YES;
				CLANG_ANALYZER_NUMBER_OBJECT_CONVERSION = YES_AGGRESSIVE;
				CLANG_CXX_LANGUAGE_STANDARD = "gnu++20";
				CLANG_ENABLE_MODULES = YES;
				CLANG_ENABLE_OBJC_ARC = YES;
				CLANG_ENABLE_OBJC_WEAK = YES;
				CLANG_WARN_BLOCK_CAPTURE_AUTORELEASING = YES;
				CLANG_WARN_BOOL_CONVERSION = YES;
				CLANG_WARN_COMMA = YES;
				CLANG_WARN_CONSTANT_CONVERSION = YES;
				CLANG_WARN_DEPRECATED_OBJC_IMPLEMENTATIONS = YES;
				CLANG_WARN_DIRECT_OBJC_ISA_USAGE = YES_ERROR;
				CLANG_WARN_DOCUMENTATION_COMMENTS = YES;
				CLANG_WARN_EMPTY_BODY = YES;
				CLANG_WARN_ENUM_CONVERSION = YES;
				CLANG_WARN_INFINITE_RECURSION = YES;
				CLANG_WARN_INT_CONVERSION = YES;
				CLANG_WARN_NON_LITERAL_NULL_CONVERSION = YES;
				CLANG_WARN_OBJC_IMPLICIT_RETAIN_SELF = YES;
				CLANG_WARN_OBJC_LITERAL_CONVERSION = YES;
				CLANG_WARN_OBJC_ROOT_CLASS = YES_ERROR;
				CLANG_WARN_QUOTED_INCLUDE_IN_FRAMEWORK_HEADER = YES;
				CLANG_WARN_RANGE_LOOP_ANALYSIS = YES;
				CLANG_WARN_STRICT_PROTOTYPES = YES;
				CLANG_WARN_SUSPICIOUS_MOVE = YES;
				CLANG_WARN_UNGUARDED_AVAILABILITY = YES_AGGRESSIVE;
				CLANG_WARN_UNREACHABLE_CODE = YES;
				CLANG_WARN__DUPLICATE_METHOD_MATCH = YES;
				COPY_PHASE_STRIP = NO;
				DEBUG_INFORMATION_FORMAT = dwarf;
				ENABLE_STRICT_OBJC_MSGSEND = YES;
				ENABLE_TESTABILITY = YES;
				GCC_C_LANGUAGE_STANDARD = gnu11;
				GCC_DYNAMIC_NO_PIC = NO;
				GCC_NO_COMMON_BLOCKS = YES;
				GCC_OPTIMIZATION_LEVEL = 0;
				GCC_PREPROCESSOR_DEFINITIONS = (
					"DEBUG=1",
					"$(inherited)",
				);
				GCC_WARN_64_TO_32_BIT_CONVERSION = YES;
				GCC_WARN_ABOUT_RETURN_TYPE = YES_ERROR;
				GCC_WARN_UNDECLARED_SELECTOR = YES;
				GCC_WARN_UNINITIALIZED_AUTOS = YES_AGGRESSIVE;
				GCC_WARN_UNUSED_FUNCTION = YES;
				GCC_WARN_UNUSED_VARIABLE = YES;
				IPHONEOS_DEPLOYMENT_TARGET = 16.0;
				MTL_ENABLE_DEBUG_INFO = INCLUDE_SOURCE;
				MTL_FAST_MATH = YES;
				ONLY_ACTIVE_ARCH = YES;
				SDKROOT = iphoneos;
				SWIFT_ACTIVE_COMPILATION_CONDITIONS = DEBUG;
				SWIFT_OPTIMIZATION_LEVEL = "-Onone";
			};
			name = Debug;
		};
		30CB10E62919BA2300927E46 /* Release */ = {
			isa = XCBuildConfiguration;
			buildSettings = {
				ALWAYS_SEARCH_USER_PATHS = NO;
				CLANG_ANALYZER_NONNULL = YES;
				CLANG_ANALYZER_NUMBER_OBJECT_CONVERSION = YES_AGGRESSIVE;
				CLANG_CXX_LANGUAGE_STANDARD = "gnu++20";
				CLANG_ENABLE_MODULES = YES;
				CLANG_ENABLE_OBJC_ARC = YES;
				CLANG_ENABLE_OBJC_WEAK = YES;
				CLANG_WARN_BLOCK_CAPTURE_AUTORELEASING = YES;
				CLANG_WARN_BOOL_CONVERSION = YES;
				CLANG_WARN_COMMA = YES;
				CLANG_WARN_CONSTANT_CONVERSION = YES;
				CLANG_WARN_DEPRECATED_OBJC_IMPLEMENTATIONS = YES;
				CLANG_WARN_DIRECT_OBJC_ISA_USAGE = YES_ERROR;
				CLANG_WARN_DOCUMENTATION_COMMENTS = YES;
				CLANG_WARN_EMPTY_BODY = YES;
				CLANG_WARN_ENUM_CONVERSION = YES;
				CLANG_WARN_INFINITE_RECURSION = YES;
				CLANG_WARN_INT_CONVERSION = YES;
				CLANG_WARN_NON_LITERAL_NULL_CONVERSION = YES;
				CLANG_WARN_OBJC_IMPLICIT_RETAIN_SELF = YES;
				CLANG_WARN_OBJC_LITERAL_CONVERSION = YES;
				CLANG_WARN_OBJC_ROOT_CLASS = YES_ERROR;
				CLANG_WARN_QUOTED_INCLUDE_IN_FRAMEWORK_HEADER = YES;
				CLANG_WARN_RANGE_LOOP_ANALYSIS = YES;
				CLANG_WARN_STRICT_PROTOTYPES = YES;
				CLANG_WARN_SUSPICIOUS_MOVE = YES;
				CLANG_WARN_UNGUARDED_AVAILABILITY = YES_AGGRESSIVE;
				CLANG_WARN_UNREACHABLE_CODE = YES;
				CLANG_WARN__DUPLICATE_METHOD_MATCH = YES;
				COPY_PHASE_STRIP = NO;
				DEBUG_INFORMATION_FORMAT = "dwarf-with-dsym";
				ENABLE_NS_ASSERTIONS = NO;
				ENABLE_STRICT_OBJC_MSGSEND = YES;
				GCC_C_LANGUAGE_STANDARD = gnu11;
				GCC_NO_COMMON_BLOCKS = YES;
				GCC_WARN_64_TO_32_BIT_CONVERSION = YES;
				GCC_WARN_ABOUT_RETURN_TYPE = YES_ERROR;
				GCC_WARN_UNDECLARED_SELECTOR = YES;
				GCC_WARN_UNINITIALIZED_AUTOS = YES_AGGRESSIVE;
				GCC_WARN_UNUSED_FUNCTION = YES;
				GCC_WARN_UNUSED_VARIABLE = YES;
				IPHONEOS_DEPLOYMENT_TARGET = 16.0;
				MTL_ENABLE_DEBUG_INFO = NO;
				MTL_FAST_MATH = YES;
				SDKROOT = iphoneos;
				SWIFT_COMPILATION_MODE = wholemodule;
				SWIFT_OPTIMIZATION_LEVEL = "-O";
				VALIDATE_PRODUCT = YES;
			};
			name = Release;
		};
		30CB10E82919BA2300927E46 /* Debug */ = {
			isa = XCBuildConfiguration;
			buildSettings = {
				ASSETCATALOG_COMPILER_APPICON_NAME = AppIcon;
				ASSETCATALOG_COMPILER_GLOBAL_ACCENT_COLOR_NAME = AccentColor;
				CODE_SIGN_STYLE = Automatic;
				CURRENT_PROJECT_VERSION = 1;
				DEVELOPMENT_TEAM = 6L7N87WCCB;
				GENERATE_INFOPLIST_FILE = YES;
				INFOPLIST_FILE = RickAndMorty/Info.plist;
				INFOPLIST_KEY_UIApplicationSupportsIndirectInputEvents = YES;
				INFOPLIST_KEY_UILaunchStoryboardName = LaunchScreen;
				INFOPLIST_KEY_UIMainStoryboardFile = Main;
				INFOPLIST_KEY_UISupportedInterfaceOrientations = UIInterfaceOrientationPortrait;
				INFOPLIST_KEY_UISupportedInterfaceOrientations_iPad = "UIInterfaceOrientationLandscapeLeft UIInterfaceOrientationLandscapeRight UIInterfaceOrientationPortrait UIInterfaceOrientationPortraitUpsideDown";
				IPHONEOS_DEPLOYMENT_TARGET = 15.5;
				LD_RUNPATH_SEARCH_PATHS = (
					"$(inherited)",
					"@executable_path/Frameworks",
				);
				MARKETING_VERSION = 1.0;
				PRODUCT_BUNDLE_IDENTIFIER = RG.RickAndMorty;
				PRODUCT_NAME = "$(TARGET_NAME)";
				SUPPORTED_PLATFORMS = "iphoneos iphonesimulator";
				SUPPORTS_MACCATALYST = NO;
				SUPPORTS_MAC_DESIGNED_FOR_IPHONE_IPAD = NO;
				SWIFT_EMIT_LOC_STRINGS = YES;
				SWIFT_VERSION = 5.0;
				TARGETED_DEVICE_FAMILY = 1;
			};
			name = Debug;
		};
		30CB10E92919BA2300927E46 /* Release */ = {
			isa = XCBuildConfiguration;
			buildSettings = {
				ASSETCATALOG_COMPILER_APPICON_NAME = AppIcon;
				ASSETCATALOG_COMPILER_GLOBAL_ACCENT_COLOR_NAME = AccentColor;
				CODE_SIGN_STYLE = Automatic;
				CURRENT_PROJECT_VERSION = 1;
				DEVELOPMENT_TEAM = 6L7N87WCCB;
				GENERATE_INFOPLIST_FILE = YES;
				INFOPLIST_FILE = RickAndMorty/Info.plist;
				INFOPLIST_KEY_UIApplicationSupportsIndirectInputEvents = YES;
				INFOPLIST_KEY_UILaunchStoryboardName = LaunchScreen;
				INFOPLIST_KEY_UIMainStoryboardFile = Main;
				INFOPLIST_KEY_UISupportedInterfaceOrientations = UIInterfaceOrientationPortrait;
				INFOPLIST_KEY_UISupportedInterfaceOrientations_iPad = "UIInterfaceOrientationLandscapeLeft UIInterfaceOrientationLandscapeRight UIInterfaceOrientationPortrait UIInterfaceOrientationPortraitUpsideDown";
				IPHONEOS_DEPLOYMENT_TARGET = 15.5;
				LD_RUNPATH_SEARCH_PATHS = (
					"$(inherited)",
					"@executable_path/Frameworks",
				);
				MARKETING_VERSION = 1.0;
				PRODUCT_BUNDLE_IDENTIFIER = RG.RickAndMorty;
				PRODUCT_NAME = "$(TARGET_NAME)";
				SUPPORTED_PLATFORMS = "iphoneos iphonesimulator";
				SUPPORTS_MACCATALYST = NO;
				SUPPORTS_MAC_DESIGNED_FOR_IPHONE_IPAD = NO;
				SWIFT_EMIT_LOC_STRINGS = YES;
				SWIFT_VERSION = 5.0;
				TARGETED_DEVICE_FAMILY = 1;
			};
			name = Release;
		};
/* End XCBuildConfiguration section */

/* Begin XCConfigurationList section */
		30CB10CE2919BA2100927E46 /* Build configuration list for PBXProject "RickAndMorty" */ = {
			isa = XCConfigurationList;
			buildConfigurations = (
				30CB10E52919BA2300927E46 /* Debug */,
				30CB10E62919BA2300927E46 /* Release */,
			);
			defaultConfigurationIsVisible = 0;
			defaultConfigurationName = Release;
		};
		30CB10E72919BA2300927E46 /* Build configuration list for PBXNativeTarget "RickAndMorty" */ = {
			isa = XCConfigurationList;
			buildConfigurations = (
				30CB10E82919BA2300927E46 /* Debug */,
				30CB10E92919BA2300927E46 /* Release */,
			);
			defaultConfigurationIsVisible = 0;
			defaultConfigurationName = Release;
		};
/* End XCConfigurationList section */
	};
	rootObject = 30CB10CB2919BA2100927E46 /* Project object */;
}
